
Microsoft Visual Studio Solution File, Format Version 12.00
# Visual Studio Version 16
VisualStudioVersion = 16.0.28803.452
MinimumVisualStudioVersion = 10.0.40219.1
Project("{FAE04EC0-301F-11D3-BF4B-00C04F79EFBC}") = "ShuffleTest", "ShuffleTest\ShuffleTest.csproj", "{B1FE589A-8F62-41A3-8BEF-B58A46EF06B1}"
EndProject
Global
	GlobalSection(SolutionConfigurationPlatforms) = preSolution
		Debug|Any CPU = Debug|Any CPU
		Release|Any CPU = Release|Any CPU
	EndGlobalSection
	GlobalSection(ProjectConfigurationPlatforms) = postSolution
		{B1FE589A-8F62-41A3-8BEF-B58A46EF06B1}.Debug|Any CPU.ActiveCfg = Debug|Any CPU
		{B1FE589A-8F62-41A3-8BEF-B58A46EF06B1}.Debug|Any CPU.Build.0 = Debug|Any CPU
		{B1FE589A-8F62-41A3-8BEF-B58A46EF06B1}.Release|Any CPU.ActiveCfg = Release|Any CPU
		{B1FE589A-8F62-41A3-8BEF-B58A46EF06B1}.Release|Any CPU.Build.0 = Release|Any CPU
	EndGlobalSection
	GlobalSection(SolutionProperties) = preSolution
		HideSolutionNode = FALSE
	EndGlobalSection
	GlobalSection(ExtensibilityGlobals) = postSolution
		SolutionGuid = {FCD10958-35E9-476C-A0AF-D2681DE48551}
	EndGlobalSection
EndGlobal
